# This file was autogenerated by Stack.
# You should not edit this file by hand.
# For more information, please see the documentation at:
#   https://docs.haskellstack.org/en/stable/lock_files

packages:
- completed:
    hackage: liquidhaskell-0.8.10.2@sha256:fc79e92fc4de0aec47965e457915ef7a5be9fd1d3ec1d3a681a9909f5286bf8f,15777
    pantry-tree:
      size: 69560
      sha256: c8bb733484e14ae2ca10a4cb726701f52258e170b246d5f378cbc642bc1d0082
  original:
    hackage: liquidhaskell-0.8.10.2@sha256:fc79e92fc4de0aec47965e457915ef7a5be9fd1d3ec1d3a681a9909f5286bf8f,15777
snapshots:
- completed:
    size: 585817
    url: https://raw.githubusercontent.com/commercialhaskell/stackage-snapshots/master/lts/18/5.yaml
    sha256: 22d24d0dacad9c1450b9a174c28d203f9bb482a2a8da9710a2f2a9f4afee2887
  original:
    url: https://raw.githubusercontent.com/commercialhaskell/stackage-snapshots/master/lts/18/5.yaml
